
Microsoft Visual Studio Solution File, Format Version 12.00
# Visual Studio Version 17
VisualStudioVersion = 17.2.32516.85
MinimumVisualStudioVersion = 10.0.40219.1
Project("{FAE04EC0-301F-11D3-BF4B-00C04F79EFBC}") = "Laboratornaya_1", "Laboratornaya_1\Laboratornaya_1.csproj", "{46181BBC-8765-4986-9904-C88DFB3DB21B}"
EndProject
Global
	GlobalSection(SolutionConfigurationPlatforms) = preSolution
		Debug|Any CPU = Debug|Any CPU
		Release|Any CPU = Release|Any CPU
	EndGlobalSection
	GlobalSection(ProjectConfigurationPlatforms) = postSolution
		{46181BBC-8765-4986-9904-C88DFB3DB21B}.Debug|Any CPU.ActiveCfg = Debug|Any CPU
		{46181BBC-8765-4986-9904-C88DFB3DB21B}.Debug|Any CPU.Build.0 = Debug|Any CPU
		{46181BBC-8765-4986-9904-C88DFB3DB21B}.Release|Any CPU.ActiveCfg = Release|Any CPU
		{46181BBC-8765-4986-9904-C88DFB3DB21B}.Release|Any CPU.Build.0 = Release|Any CPU
	EndGlobalSection
	GlobalSection(SolutionProperties) = preSolution
		HideSolutionNode = FALSE
	EndGlobalSection
	GlobalSection(ExtensibilityGlobals) = postSolution
		SolutionGuid = {DFB92054-7766-4044-85E6-988499E7CFE0}
	EndGlobalSection
EndGlobal
